
Microsoft Visual Studio Solution File, Format Version 12.00
# Visual Studio Version 16
VisualStudioVersion = 16.0.31112.23
MinimumVisualStudioVersion = 10.0.40219.1
Project("{8BC9CEB8-8B4A-11D0-8D11-00A0C91BC942}") = "ac_cheat", "ac_cheat\ac_cheat.vcxproj", "{AAA10292-1299-4C35-99C4-9A245ADC71A6}"
EndProject
Project("{8BC9CEB8-8B4A-11D0-8D11-00A0C91BC942}") = "simple_injector", "simple_injector\simple_injector.vcxproj", "{8A5B2DBD-2D87-4B55-A55D-6C3C5204814F}"
EndProject
Global
	GlobalSection(SolutionConfigurationPlatforms) = preSolution
		Debug|x64 = Debug|x64
		Debug|x86 = Debug|x86
		Release|x64 = Release|x64
		Release|x86 = Release|x86
	EndGlobalSection
	GlobalSection(ProjectConfigurationPlatforms) = postSolution
		{AAA10292-1299-4C35-99C4-9A245ADC71A6}.Debug|x64.ActiveCfg = Debug|x64
		{AAA10292-1299-4C35-99C4-9A245ADC71A6}.Debug|x64.Build.0 = Debug|x64
		{AAA10292-1299-4C35-99C4-9A245ADC71A6}.Debug|x86.ActiveCfg = Debug|Win32
		{AAA10292-1299-4C35-99C4-9A245ADC71A6}.Debug|x86.Build.0 = Debug|Win32
		{AAA10292-1299-4C35-99C4-9A245ADC71A6}.Release|x64.ActiveCfg = Release|x64
		{AAA10292-1299-4C35-99C4-9A245ADC71A6}.Release|x64.Build.0 = Release|x64
		{AAA10292-1299-4C35-99C4-9A245ADC71A6}.Release|x86.ActiveCfg = Release|Win32
		{AAA10292-1299-4C35-99C4-9A245ADC71A6}.Release|x86.Build.0 = Release|Win32
		{8A5B2DBD-2D87-4B55-A55D-6C3C5204814F}.Debug|x64.ActiveCfg = Debug|x64
		{8A5B2DBD-2D87-4B55-A55D-6C3C5204814F}.Debug|x64.Build.0 = Debug|x64
		{8A5B2DBD-2D87-4B55-A55D-6C3C5204814F}.Debug|x86.ActiveCfg = Debug|Win32
		{8A5B2DBD-2D87-4B55-A55D-6C3C5204814F}.Debug|x86.Build.0 = Debug|Win32
		{8A5B2DBD-2D87-4B55-A55D-6C3C5204814F}.Release|x64.ActiveCfg = Release|x64
		{8A5B2DBD-2D87-4B55-A55D-6C3C5204814F}.Release|x64.Build.0 = Release|x64
		{8A5B2DBD-2D87-4B55-A55D-6C3C5204814F}.Release|x86.ActiveCfg = Release|Win32
		{8A5B2DBD-2D87-4B55-A55D-6C3C5204814F}.Release|x86.Build.0 = Release|Win32
	EndGlobalSection
	GlobalSection(SolutionProperties) = preSolution
		HideSolutionNode = FALSE
	EndGlobalSection
	GlobalSection(ExtensibilityGlobals) = postSolution
		SolutionGuid = {3BFEEA6F-18A1-4A2A-A15B-59A34FE3FC8F}
	EndGlobalSection
EndGlobal
